// !$*UTF8*$!
{
	archiveVersion = 1;
	classes = {
	};
	objectVersion = 56;
	objects = {

/* Begin PBXBuildFile section */
		F70DC968293C82F200D81400 /* platform.cpp in Sources */ = {isa = PBXBuildFile; fileRef = F70DC967293C82F200D81400 /* platform.cpp */; };
		F70DC96B293C853800D81400 /* criminal.cpp in Sources */ = {isa = PBXBuildFile; fileRef = F70DC96A293C853800D81400 /* criminal.cpp */; };
		F7150E5E292147E400508C8E /* main.cpp in Sources */ = {isa = PBXBuildFile; fileRef = F7150E5D292147E400508C8E /* main.cpp */; };
		F78772AD2957535800C38BF4 /* tests.cpp in Sources */ = {isa = PBXBuildFile; fileRef = F78772AC2957535800C38BF4 /* tests.cpp */; };
		F7AB244F29584FF100D79D0A /* List.cpp in Sources */ = {isa = PBXBuildFile; fileRef = F7AB244D29584FF100D79D0A /* List.cpp */; };
		F7AB2453295A14AC00D79D0A /* play.cpp in Sources */ = {isa = PBXBuildFile; fileRef = F7AB2451295A14AC00D79D0A /* play.cpp */; };
		F7C7AD792936504E00BC71D7 /* component.cpp in Sources */ = {isa = PBXBuildFile; fileRef = F7C7AD772936504E00BC71D7 /* component.cpp */; };
		F7C7AD7D2936556300BC71D7 /* module.cpp in Sources */ = {isa = PBXBuildFile; fileRef = F7C7AD7C2936556300BC71D7 /* module.cpp */; };
		F7E2D954293C8C77003A8350 /* field.cpp in Sources */ = {isa = PBXBuildFile; fileRef = F7E2D953293C8C77003A8350 /* field.cpp */; };
		F7E42FA929339FB800010EFC /* game_class.cpp in Sources */ = {isa = PBXBuildFile; fileRef = F7E42FA829339FB800010EFC /* game_class.cpp */; };
/* End PBXBuildFile section */

/* Begin PBXCopyFilesBuildPhase section */
		F7150E58292147E300508C8E /* CopyFiles */ = {
			isa = PBXCopyFilesBuildPhase;
			buildActionMask = 2147483647;
			dstPath = /usr/share/man/man1/;
			dstSubfolderSpec = 0;
			files = (
			);
			runOnlyForDeploymentPostprocessing = 1;
		};
/* End PBXCopyFilesBuildPhase section */

/* Begin PBXFileReference section */
		F70DC967293C82F200D81400 /* platform.cpp */ = {isa = PBXFileReference; lastKnownFileType = sourcecode.cpp.cpp; path = platform.cpp; sourceTree = "<group>"; };
		F70DC969293C839100D81400 /* platform.h */ = {isa = PBXFileReference; lastKnownFileType = sourcecode.c.h; path = platform.h; sourceTree = "<group>"; };
		F70DC96A293C853800D81400 /* criminal.cpp */ = {isa = PBXFileReference; lastKnownFileType = sourcecode.cpp.cpp; path = criminal.cpp; sourceTree = "<group>"; };
		F70DC96C293C858300D81400 /* criminal.h */ = {isa = PBXFileReference; lastKnownFileType = sourcecode.c.h; path = criminal.h; sourceTree = "<group>"; };
		F7150E5A292147E400508C8E /* lab4 */ = {isa = PBXFileReference; explicitFileType = "compiled.mach-o.executable"; includeInIndex = 0; path = lab4; sourceTree = BUILT_PRODUCTS_DIR; };
		F7150E5D292147E400508C8E /* main.cpp */ = {isa = PBXFileReference; lastKnownFileType = sourcecode.cpp.cpp; path = main.cpp; sourceTree = "<group>"; };
		F7150E642921516D00508C8E /* game_class.h */ = {isa = PBXFileReference; explicitFileType = sourcecode.cpp.h; path = game_class.h; sourceTree = "<group>"; };
		F78548CC29374C020065C717 /* point.h */ = {isa = PBXFileReference; lastKnownFileType = sourcecode.c.h; path = point.h; sourceTree = "<group>"; };
		F78548CD29375B950065C717 /* field.h */ = {isa = PBXFileReference; lastKnownFileType = sourcecode.c.h; path = field.h; sourceTree = "<group>"; };
		F78772AC2957535800C38BF4 /* tests.cpp */ = {isa = PBXFileReference; lastKnownFileType = sourcecode.cpp.cpp; path = tests.cpp; sourceTree = "<group>"; };
		F7AB244D29584FF100D79D0A /* List.cpp */ = {isa = PBXFileReference; lastKnownFileType = sourcecode.cpp.cpp; path = List.cpp; sourceTree = "<group>"; };
		F7AB24502958502100D79D0A /* List.h */ = {isa = PBXFileReference; lastKnownFileType = sourcecode.c.h; path = List.h; sourceTree = "<group>"; };
		F7AB2451295A14AC00D79D0A /* play.cpp */ = {isa = PBXFileReference; lastKnownFileType = sourcecode.cpp.cpp; path = play.cpp; sourceTree = "<group>"; };
		F7AB2454295BC16E00D79D0A /* play.h */ = {isa = PBXFileReference; lastKnownFileType = sourcecode.c.h; path = play.h; sourceTree = "<group>"; };
		F7C7AD772936504E00BC71D7 /* component.cpp */ = {isa = PBXFileReference; lastKnownFileType = sourcecode.cpp.cpp; path = component.cpp; sourceTree = "<group>"; };
		F7C7AD7A293651EE00BC71D7 /* component.h */ = {isa = PBXFileReference; lastKnownFileType = sourcecode.c.h; path = component.h; sourceTree = "<group>"; };
		F7C7AD7B2936545A00BC71D7 /* module.h */ = {isa = PBXFileReference; lastKnownFileType = sourcecode.c.h; path = module.h; sourceTree = "<group>"; };
		F7C7AD7C2936556300BC71D7 /* module.cpp */ = {isa = PBXFileReference; lastKnownFileType = sourcecode.cpp.cpp; path = module.cpp; sourceTree = "<group>"; };
		F7E2D953293C8C77003A8350 /* field.cpp */ = {isa = PBXFileReference; lastKnownFileType = sourcecode.cpp.cpp; path = field.cpp; sourceTree = "<group>"; };
		F7E42FA829339FB800010EFC /* game_class.cpp */ = {isa = PBXFileReference; lastKnownFileType = sourcecode.cpp.cpp; path = game_class.cpp; sourceTree = "<group>"; };
/* End PBXFileReference section */

/* Begin PBXFrameworksBuildPhase section */
		F7150E57292147E300508C8E /* Frameworks */ = {
			isa = PBXFrameworksBuildPhase;
			buildActionMask = 2147483647;
			files = (
			);
			runOnlyForDeploymentPostprocessing = 0;
		};
/* End PBXFrameworksBuildPhase section */

/* Begin PBXGroup section */
		F7150E51292147E300508C8E = {
			isa = PBXGroup;
			children = (
				F7150E5C292147E400508C8E /* lab4 */,
				F7150E5B292147E400508C8E /* Products */,
			);
			sourceTree = "<group>";
		};
		F7150E5B292147E400508C8E /* Products */ = {
			isa = PBXGroup;
			children = (
				F7150E5A292147E400508C8E /* lab4 */,
			);
			name = Products;
			sourceTree = "<group>";
		};
		F7150E5C292147E400508C8E /* lab4 */ = {
			isa = PBXGroup;
			children = (
				F7AB244C29584F7C00D79D0A /* classes */,
				F7150E5D292147E400508C8E /* main.cpp */,
				F78772AC2957535800C38BF4 /* tests.cpp */,
				F7AB2451295A14AC00D79D0A /* play.cpp */,
				F7AB2454295BC16E00D79D0A /* play.h */,
			);
			path = lab4;
			sourceTree = "<group>";
		};
		F7AB244C29584F7C00D79D0A /* classes */ = {
			isa = PBXGroup;
			children = (
				F7AB244D29584FF100D79D0A /* List.cpp */,
				F7E2D953293C8C77003A8350 /* field.cpp */,
				F7AB24502958502100D79D0A /* List.h */,
				F70DC96C293C858300D81400 /* criminal.h */,
				F7150E642921516D00508C8E /* game_class.h */,
				F7C7AD772936504E00BC71D7 /* component.cpp */,
				F7C7AD7B2936545A00BC71D7 /* module.h */,
				F70DC969293C839100D81400 /* platform.h */,
				F78548CC29374C020065C717 /* point.h */,
				F78548CD29375B950065C717 /* field.h */,
				F70DC967293C82F200D81400 /* platform.cpp */,
				F7C7AD7C2936556300BC71D7 /* module.cpp */,
				F7C7AD7A293651EE00BC71D7 /* component.h */,
				F7E42FA829339FB800010EFC /* game_class.cpp */,
				F70DC96A293C853800D81400 /* criminal.cpp */,
			);
			path = classes;
			sourceTree = "<group>";
		};
/* End PBXGroup section */

/* Begin PBXNativeTarget section */
		F7150E59292147E300508C8E /* lab4 */ = {
			isa = PBXNativeTarget;
			buildConfigurationList = F7150E61292147E400508C8E /* Build configuration list for PBXNativeTarget "lab4" */;
			buildPhases = (
				F7150E56292147E300508C8E /* Sources */,
				F7150E57292147E300508C8E /* Frameworks */,
				F7150E58292147E300508C8E /* CopyFiles */,
			);
			buildRules = (
			);
			dependencies = (
			);
			name = lab4;
			productName = lab4;
			productReference = F7150E5A292147E400508C8E /* lab4 */;
			productType = "com.apple.product-type.tool";
		};
/* End PBXNativeTarget section */

/* Begin PBXProject section */
		F7150E52292147E300508C8E /* Project object */ = {
			isa = PBXProject;
			attributes = {
				BuildIndependentTargetsInParallel = 1;
				LastUpgradeCheck = 1410;
				TargetAttributes = {
					F7150E59292147E300508C8E = {
						CreatedOnToolsVersion = 14.1;
					};
				};
			};
			buildConfigurationList = F7150E55292147E300508C8E /* Build configuration list for PBXProject "lab4" */;
			compatibilityVersion = "Xcode 14.0";
			developmentRegion = en;
			hasScannedForEncodings = 0;
			knownRegions = (
				en,
				Base,
			);
			mainGroup = F7150E51292147E300508C8E;
			productRefGroup = F7150E5B292147E400508C8E /* Products */;
			projectDirPath = "";
			projectRoot = "";
			targets = (
				F7150E59292147E300508C8E /* lab4 */,
			);
		};
/* End PBXProject section */

/* Begin PBXSourcesBuildPhase section */
		F7150E56292147E300508C8E /* Sources */ = {
			isa = PBXSourcesBuildPhase;
			buildActionMask = 2147483647;
			files = (
				F7AB244F29584FF100D79D0A /* List.cpp in Sources */,
				F7E42FA929339FB800010EFC /* game_class.cpp in Sources */,
				F7C7AD7D2936556300BC71D7 /* module.cpp in Sources */,
				F7AB2453295A14AC00D79D0A /* play.cpp in Sources */,
				F70DC96B293C853800D81400 /* criminal.cpp in Sources */,
				F7E2D954293C8C77003A8350 /* field.cpp in Sources */,
				F7150E5E292147E400508C8E /* main.cpp in Sources */,
				F78772AD2957535800C38BF4 /* tests.cpp in Sources */,
				F70DC968293C82F200D81400 /* platform.cpp in Sources */,
				F7C7AD792936504E00BC71D7 /* component.cpp in Sources */,
			);
			runOnlyForDeploymentPostprocessing = 0;
		};
/* End PBXSourcesBuildPhase section */

/* Begin XCBuildConfiguration section */
		F7150E5F292147E400508C8E /* Debug */ = {
			isa = XCBuildConfiguration;
			buildSettings = {
				ALWAYS_SEARCH_USER_PATHS = NO;
				CLANG_ANALYZER_NONNULL = YES;
				CLANG_ANALYZER_NUMBER_OBJECT_CONVERSION = YES_AGGRESSIVE;
				CLANG_CXX_LANGUAGE_STANDARD = "gnu++20";
				CLANG_ENABLE_MODULES = YES;
				CLANG_ENABLE_OBJC_ARC = YES;
				CLANG_ENABLE_OBJC_WEAK = YES;
				CLANG_WARN_BLOCK_CAPTURE_AUTORELEASING = YES;
				CLANG_WARN_BOOL_CONVERSION = YES;
				CLANG_WARN_COMMA = YES;
				CLANG_WARN_CONSTANT_CONVERSION = YES;
				CLANG_WARN_DEPRECATED_OBJC_IMPLEMENTATIONS = YES;
				CLANG_WARN_DIRECT_OBJC_ISA_USAGE = YES_ERROR;
				CLANG_WARN_DOCUMENTATION_COMMENTS = YES;
				CLANG_WARN_EMPTY_BODY = YES;
				CLANG_WARN_ENUM_CONVERSION = YES;
				CLANG_WARN_INFINITE_RECURSION = YES;
				CLANG_WARN_INT_CONVERSION = YES;
				CLANG_WARN_NON_LITERAL_NULL_CONVERSION = YES;
				CLANG_WARN_OBJC_IMPLICIT_RETAIN_SELF = YES;
				CLANG_WARN_OBJC_LITERAL_CONVERSION = YES;
				CLANG_WARN_OBJC_ROOT_CLASS = YES_ERROR;
				CLANG_WARN_QUOTED_INCLUDE_IN_FRAMEWORK_HEADER = YES;
				CLANG_WARN_RANGE_LOOP_ANALYSIS = YES;
				CLANG_WARN_STRICT_PROTOTYPES = YES;
				CLANG_WARN_SUSPICIOUS_MOVE = YES;
				CLANG_WARN_UNGUARDED_AVAILABILITY = YES_AGGRESSIVE;
				CLANG_WARN_UNREACHABLE_CODE = YES;
				CLANG_WARN__DUPLICATE_METHOD_MATCH = YES;
				COPY_PHASE_STRIP = NO;
				DEBUG_INFORMATION_FORMAT = dwarf;
				ENABLE_STRICT_OBJC_MSGSEND = YES;
				ENABLE_TESTABILITY = YES;
				GCC_C_LANGUAGE_STANDARD = gnu11;
				GCC_DYNAMIC_NO_PIC = NO;
				GCC_NO_COMMON_BLOCKS = YES;
				GCC_OPTIMIZATION_LEVEL = 0;
				GCC_PREPROCESSOR_DEFINITIONS = (
					"DEBUG=1",
					"$(inherited)",
				);
				GCC_WARN_64_TO_32_BIT_CONVERSION = YES;
				GCC_WARN_ABOUT_RETURN_TYPE = YES_ERROR;
				GCC_WARN_UNDECLARED_SELECTOR = YES;
				GCC_WARN_UNINITIALIZED_AUTOS = YES_AGGRESSIVE;
				GCC_WARN_UNUSED_FUNCTION = YES;
				GCC_WARN_UNUSED_VARIABLE = YES;
				MACOSX_DEPLOYMENT_TARGET = 13.0;
				MTL_ENABLE_DEBUG_INFO = INCLUDE_SOURCE;
				MTL_FAST_MATH = YES;
				ONLY_ACTIVE_ARCH = YES;
				SDKROOT = macosx;
			};
			name = Debug;
		};
		F7150E60292147E400508C8E /* Release */ = {
			isa = XCBuildConfiguration;
			buildSettings = {
				ALWAYS_SEARCH_USER_PATHS = NO;
				CLANG_ANALYZER_NONNULL = YES;
				CLANG_ANALYZER_NUMBER_OBJECT_CONVERSION = YES_AGGRESSIVE;
				CLANG_CXX_LANGUAGE_STANDARD = "gnu++20";
				CLANG_ENABLE_MODULES = YES;
				CLANG_ENABLE_OBJC_ARC = YES;
				CLANG_ENABLE_OBJC_WEAK = YES;
				CLANG_WARN_BLOCK_CAPTURE_AUTORELEASING = YES;
				CLANG_WARN_BOOL_CONVERSION = YES;
				CLANG_WARN_COMMA = YES;
				CLANG_WARN_CONSTANT_CONVERSION = YES;
				CLANG_WARN_DEPRECATED_OBJC_IMPLEMENTATIONS = YES;
				CLANG_WARN_DIRECT_OBJC_ISA_USAGE = YES_ERROR;
				CLANG_WARN_DOCUMENTATION_COMMENTS = YES;
				CLANG_WARN_EMPTY_BODY = YES;
				CLANG_WARN_ENUM_CONVERSION = YES;
				CLANG_WARN_INFINITE_RECURSION = YES;
				CLANG_WARN_INT_CONVERSION = YES;
				CLANG_WARN_NON_LITERAL_NULL_CONVERSION = YES;
				CLANG_WARN_OBJC_IMPLICIT_RETAIN_SELF = YES;
				CLANG_WARN_OBJC_LITERAL_CONVERSION = YES;
				CLANG_WARN_OBJC_ROOT_CLASS = YES_ERROR;
				CLANG_WARN_QUOTED_INCLUDE_IN_FRAMEWORK_HEADER = YES;
				CLANG_WARN_RANGE_LOOP_ANALYSIS = YES;
				CLANG_WARN_STRICT_PROTOTYPES = YES;
				CLANG_WARN_SUSPICIOUS_MOVE = YES;
				CLANG_WARN_UNGUARDED_AVAILABILITY = YES_AGGRESSIVE;
				CLANG_WARN_UNREACHABLE_CODE = YES;
				CLANG_WARN__DUPLICATE_METHOD_MATCH = YES;
				COPY_PHASE_STRIP = NO;
				DEBUG_INFORMATION_FORMAT = "dwarf-with-dsym";
				ENABLE_NS_ASSERTIONS = NO;
				ENABLE_STRICT_OBJC_MSGSEND = YES;
				GCC_C_LANGUAGE_STANDARD = gnu11;
				GCC_NO_COMMON_BLOCKS = YES;
				GCC_WARN_64_TO_32_BIT_CONVERSION = YES;
				GCC_WARN_ABOUT_RETURN_TYPE = YES_ERROR;
				GCC_WARN_UNDECLARED_SELECTOR = YES;
				GCC_WARN_UNINITIALIZED_AUTOS = YES_AGGRESSIVE;
				GCC_WARN_UNUSED_FUNCTION = YES;
				GCC_WARN_UNUSED_VARIABLE = YES;
				MACOSX_DEPLOYMENT_TARGET = 13.0;
				MTL_ENABLE_DEBUG_INFO = NO;
				MTL_FAST_MATH = YES;
				SDKROOT = macosx;
			};
			name = Release;
		};
		F7150E62292147E400508C8E /* Debug */ = {
			isa = XCBuildConfiguration;
			buildSettings = {
				CODE_SIGN_STYLE = Automatic;
				PRODUCT_NAME = "$(TARGET_NAME)";
			};
			name = Debug;
		};
		F7150E63292147E400508C8E /* Release */ = {
			isa = XCBuildConfiguration;
			buildSettings = {
				CODE_SIGN_STYLE = Automatic;
				PRODUCT_NAME = "$(TARGET_NAME)";
			};
			name = Release;
		};
/* End XCBuildConfiguration section */

/* Begin XCConfigurationList section */
		F7150E55292147E300508C8E /* Build configuration list for PBXProject "lab4" */ = {
			isa = XCConfigurationList;
			buildConfigurations = (
				F7150E5F292147E400508C8E /* Debug */,
				F7150E60292147E400508C8E /* Release */,
			);
			defaultConfigurationIsVisible = 0;
			defaultConfigurationName = Release;
		};
		F7150E61292147E400508C8E /* Build configuration list for PBXNativeTarget "lab4" */ = {
			isa = XCConfigurationList;
			buildConfigurations = (
				F7150E62292147E400508C8E /* Debug */,
				F7150E63292147E400508C8E /* Release */,
			);
			defaultConfigurationIsVisible = 0;
			defaultConfigurationName = Release;
		};
/* End XCConfigurationList section */
	};
	rootObject = F7150E52292147E300508C8E /* Project object */;
}
